# This file is generated by running "yarn install" inside your project.
# Manual changes might be lost - proceed with caution!

__metadata:
  version: 6
  cacheKey: 8

"@octokit/app@npm:^13.1.1":
  version: 13.1.2
  resolution: "@octokit/app@npm:13.1.2"
  dependencies:
    "@octokit/auth-app": ^4.0.8
    "@octokit/auth-unauthenticated": ^3.0.0
    "@octokit/core": ^4.0.0
    "@octokit/oauth-app": ^4.0.7
    "@octokit/plugin-paginate-rest": ^6.0.0
    "@octokit/types": ^9.0.0
    "@octokit/webhooks": ^10.0.0
  checksum: e6b2ff1e71cac593831cbef42684e230987db8d688aef418f10cc7833b6e701126d183cdc65489a6d8f90115d10ec0ef2b0a71e7877be96c657aeec991739654
  languageName: node
  linkType: hard

"@octokit/auth-app@npm:^4.0.8":
  version: 4.0.9
  resolution: "@octokit/auth-app@npm:4.0.9"
  dependencies:
    "@octokit/auth-oauth-app": ^5.0.0
    "@octokit/auth-oauth-user": ^2.0.0
    "@octokit/request": ^6.0.0
    "@octokit/request-error": ^3.0.0
    "@octokit/types": ^9.0.0
    "@types/lru-cache": ^5.1.0
    deprecation: ^2.3.1
    lru-cache: ^6.0.0
    universal-github-app-jwt: ^1.1.1
    universal-user-agent: ^6.0.0
  checksum: 3846ebeda40bf88684fa310741ec4b5838d57e18ba5c38986e422161e1ce95c750053fbb2aa18bdce120d6eb857d16bb8e9988597c3dfda40fec985dbdda1b2a
  languageName: node
  linkType: hard

"@octokit/auth-oauth-app@npm:^5.0.0":
  version: 5.0.5
  resolution: "@octokit/auth-oauth-app@npm:5.0.5"
  dependencies:
    "@octokit/auth-oauth-device": ^4.0.0
    "@octokit/auth-oauth-user": ^2.0.0
    "@octokit/request": ^6.0.0
    "@octokit/types": ^9.0.0
    "@types/btoa-lite": ^1.0.0
    btoa-lite: ^1.0.0
    universal-user-agent: ^6.0.0
  checksum: 00f1567d89e1c7004aba451a2beb218da9c6e9ec5be1f973b48936de5f7960803e242a6359a4acd6238958ed62d8d3dcee3b3faafa64431504244dd37a16d418
  languageName: node
  linkType: hard

"@octokit/auth-oauth-device@npm:^4.0.0":
  version: 4.0.4
  resolution: "@octokit/auth-oauth-device@npm:4.0.4"
  dependencies:
    "@octokit/oauth-methods": ^2.0.0
    "@octokit/request": ^6.0.0
    "@octokit/types": ^9.0.0
    universal-user-agent: ^6.0.0
  checksum: 245e1fd77684d131793a52a45133ad2514dbb14e5bb6af99eeaccff58662b567327196a721e296ef5734c0988e85a7536ef22bbf04613b302eba595995c5c751
  languageName: node
  linkType: hard

"@octokit/auth-oauth-user@npm:^2.0.0":
  version: 2.1.1
  resolution: "@octokit/auth-oauth-user@npm:2.1.1"
  dependencies:
    "@octokit/auth-oauth-device": ^4.0.0
    "@octokit/oauth-methods": ^2.0.0
    "@octokit/request": ^6.0.0
    "@octokit/types": ^9.0.0
    btoa-lite: ^1.0.0
    universal-user-agent: ^6.0.0
  checksum: 6dbe5974bbc71340811fcae86cbb60a177302ecc7bb7fdd7954077f5d40a615a4caae839290defb642703a9079752503314265362736a643ca39c4839454908e
  languageName: node
  linkType: hard

"@octokit/auth-token@npm:^3.0.0":
  version: 3.0.3
  resolution: "@octokit/auth-token@npm:3.0.3"
  dependencies:
    "@octokit/types": ^9.0.0
  checksum: 9b3f569cec1b7e0aa88ab6da68aed4b49b6652261bd957257541fabaf6a4d4ed99f908153cc3dd2fe15b8b0ccaff8caaafaa50bb1a4de3925b0954a47cca1900
  languageName: node
  linkType: hard

"@octokit/auth-unauthenticated@npm:^3.0.0":
  version: 3.0.4
  resolution: "@octokit/auth-unauthenticated@npm:3.0.4"
  dependencies:
    "@octokit/request-error": ^3.0.0
    "@octokit/types": ^9.0.0
  checksum: 0f0ed5be93fa991d718728d35f609a627263c05ca5e40f1455ee8ec42686c7c84f411ce536a9e2b95d140f736289c7df903e38d2af44593f9dae4185150c5d38
  languageName: node
  linkType: hard

"@octokit/core@npm:^4.0.0, @octokit/core@npm:^4.0.4":
  version: 4.2.0
  resolution: "@octokit/core@npm:4.2.0"
  dependencies:
    "@octokit/auth-token": ^3.0.0
    "@octokit/graphql": ^5.0.0
    "@octokit/request": ^6.0.0
    "@octokit/request-error": ^3.0.0
    "@octokit/types": ^9.0.0
    before-after-hook: ^2.2.0
    universal-user-agent: ^6.0.0
  checksum: 5ac56e7f14b42a5da8d3075a2ae41483521a78bee061a01f4a81d8c0ecd6a684b2e945d66baba0cd1fdf264639deedc3a96d0f32c4d2fc39b49ca10f52f4de39
  languageName: node
  linkType: hard

"@octokit/endpoint@npm:^7.0.0":
  version: 7.0.5
  resolution: "@octokit/endpoint@npm:7.0.5"
  dependencies:
    "@octokit/types": ^9.0.0
    is-plain-object: ^5.0.0
    universal-user-agent: ^6.0.0
  checksum: 81c9e9eabf50e48940cceff7c4d7fbc9327190296507cfe8a199ea00cd492caf8f18a841caf4e3619828924b481996eb16091826db6b5a649bee44c8718ecaa9
  languageName: node
  linkType: hard

"@octokit/graphql@npm:^5.0.0":
  version: 5.0.5
  resolution: "@octokit/graphql@npm:5.0.5"
  dependencies:
    "@octokit/request": ^6.0.0
    "@octokit/types": ^9.0.0
    universal-user-agent: ^6.0.0
  checksum: eb2d1a6305a3d1f55ff0ce92fb88b677f0bb789757152d58a79ef61171fb65ecf6fe18d6c27e236c0cee6a0c2600c2cb8370f5ac7184f8e9361c085aa4555bb1
  languageName: node
  linkType: hard

"@octokit/oauth-app@npm:^4.0.6, @octokit/oauth-app@npm:^4.0.7":
  version: 4.2.0
  resolution: "@octokit/oauth-app@npm:4.2.0"
  dependencies:
    "@octokit/auth-oauth-app": ^5.0.0
    "@octokit/auth-oauth-user": ^2.0.0
    "@octokit/auth-unauthenticated": ^3.0.0
    "@octokit/core": ^4.0.0
    "@octokit/oauth-authorization-url": ^5.0.0
    "@octokit/oauth-methods": ^2.0.0
    "@types/aws-lambda": ^8.10.83
    fromentries: ^1.3.1
    universal-user-agent: ^6.0.0
  checksum: 6cf5638d27e589daa577653177f2b135c0c346c8f74cc420d9fd0dc0f559a84040073eee147bd555a55bb5756bd0940e6dc4c3a6b3a508a818e3d5bee3837095
  languageName: node
  linkType: hard

"@octokit/oauth-authorization-url@npm:^5.0.0":
  version: 5.0.0
  resolution: "@octokit/oauth-authorization-url@npm:5.0.0"
  checksum: bc457c4af9559e9e8f752e643fc9d116247f4e4246e69959d99b9e39196c93d7af53c1c8e3bd946bd0e4fc29f7ba27efe9bced8525ffa41fe45ef56a8281014b
  languageName: node
  linkType: hard

"@octokit/oauth-methods@npm:^2.0.0":
  version: 2.0.5
  resolution: "@octokit/oauth-methods@npm:2.0.5"
  dependencies:
    "@octokit/oauth-authorization-url": ^5.0.0
    "@octokit/request": ^6.2.3
    "@octokit/request-error": ^3.0.3
    "@octokit/types": ^9.0.0
    btoa-lite: ^1.0.0
  checksum: dda36fdc85f1b9a4322e47d88b13183f86fd7e03e66e787ced7be41ea4a1a64f610e2d1a75f82c7ec7ff5c4a76e07a696c2e7232bf944f04fe64aac5c26bd484
  languageName: node
  linkType: hard

"@octokit/openapi-types@npm:^16.0.0":
  version: 16.0.0
  resolution: "@octokit/openapi-types@npm:16.0.0"
  checksum: 844f30a545da380d63c712e0eb733366bc567d1aab34529c79fdfbec3d73810e81d83f06fdab13058a5cbc7dae786db1a9b90b5b61b1e606854ee45d5ec5f194
  languageName: node
  linkType: hard

"@octokit/plugin-paginate-rest@npm:^6.0.0":
  version: 6.0.0
  resolution: "@octokit/plugin-paginate-rest@npm:6.0.0"
  dependencies:
    "@octokit/types": ^9.0.0
  peerDependencies:
    "@octokit/core": ">=4"
  checksum: 4ad89568d883373898b733837cada7d849d51eef32157c11d4a81cef5ce8e509720d79b46918cada3c132f9b29847e383f17b7cd5c39ede7c93cdcd2f850b47f
  languageName: node
  linkType: hard

"@octokit/plugin-rest-endpoint-methods@npm:^7.0.0":
  version: 7.0.1
  resolution: "@octokit/plugin-rest-endpoint-methods@npm:7.0.1"
  dependencies:
    "@octokit/types": ^9.0.0
    deprecation: ^2.3.1
  peerDependencies:
    "@octokit/core": ">=3"
  checksum: cdb8734ec960f75acc2405284920c58efac9a71b1c3b2a71662b9100ffbc22dac597150acff017a93459c57e9a492d9e1c27872b068387dbb90597de75065fcf
  languageName: node
  linkType: hard

"@octokit/plugin-retry@npm:^4.0.3":
  version: 4.1.0
  resolution: "@octokit/plugin-retry@npm:4.1.0"
  dependencies:
    "@octokit/types": ^9.0.0
    bottleneck: ^2.15.3
  peerDependencies:
    "@octokit/core": ">=3"
  checksum: 667d9fa945e54ca3bbdc4d58e8fc0e8baec40e491c631ce9bc94d8fdc68c1ca0619f82405a67e3114b0199659fdc93aa6153a0a345a1cc09a95b9616eeaf0ab2
  languageName: node
  linkType: hard

"@octokit/plugin-throttling@npm:^5.0.0":
  version: 5.0.1
  resolution: "@octokit/plugin-throttling@npm:5.0.1"
  dependencies:
    "@octokit/types": ^9.0.0
    bottleneck: ^2.15.3
  peerDependencies:
    "@octokit/core": ^4.0.0
  checksum: 11f54c4791ae75055df22184687788c754914da33b383bb908127f59556012874776e6a597b97d9af2102c5e3b19d13287e8c0b030b5bc42d672c15f383b0132
  languageName: node
  linkType: hard

"@octokit/request-error@npm:^3.0.0, @octokit/request-error@npm:^3.0.3":
  version: 3.0.3
  resolution: "@octokit/request-error@npm:3.0.3"
  dependencies:
    "@octokit/types": ^9.0.0
    deprecation: ^2.0.0
    once: ^1.4.0
  checksum: 5db0b514732686b627e6ed9ef1ccdbc10501f1b271a9b31f784783f01beee70083d7edcfeb35fbd7e569fa31fdd6762b1ff6b46101700d2d97e7e48e749520d0
  languageName: node
  linkType: hard

"@octokit/request@npm:^6.0.0, @octokit/request@npm:^6.2.3":
  version: 6.2.3
  resolution: "@octokit/request@npm:6.2.3"
  dependencies:
    "@octokit/endpoint": ^7.0.0
    "@octokit/request-error": ^3.0.0
    "@octokit/types": ^9.0.0
    is-plain-object: ^5.0.0
    node-fetch: ^2.6.7
    universal-user-agent: ^6.0.0
  checksum: fef4097be8375d20bb0b3276d8a3adf866ec628f2b0664d334f3c29b92157da847899497abdc7a5be540053819b55564990543175ad48f04e9e6f25f0395d4d3
  languageName: node
  linkType: hard

"@octokit/types@npm:^9.0.0":
  version: 9.0.0
  resolution: "@octokit/types@npm:9.0.0"
  dependencies:
    "@octokit/openapi-types": ^16.0.0
  checksum: 5c7f5cca8f00f7c4daa0d00f4fe991c1598ec47cd6ced50b1c5fbe9721bb9dee0adc2acdee265a3a715bb984e53ef3dc7f1cfb7326f712c6d809d59fc5c6648d
  languageName: node
  linkType: hard

"@octokit/webhooks-methods@npm:^3.0.0":
  version: 3.0.2
  resolution: "@octokit/webhooks-methods@npm:3.0.2"
  checksum: 4608d6a394bd94846301b709f44adc2bde0f43517840c49d235e3cb355986e2e9736d60b4a39c3492b31c06d10401f32cab878ec83e83b890606f58619cad5ef
  languageName: node
  linkType: hard

"@octokit/webhooks-types@npm:6.10.0":
  version: 6.10.0
  resolution: "@octokit/webhooks-types@npm:6.10.0"
  checksum: 6eac226f070a48d9ef2594df952e8540b001e2a8760c4fa5ac2f78c1750694a6c3b8de42fb4dbb4bb78335f091d9268539d4261c52a1a91fb9ef1e9af1959b44
  languageName: node
  linkType: hard

"@octokit/webhooks@npm:^10.0.0":
  version: 10.7.0
  resolution: "@octokit/webhooks@npm:10.7.0"
  dependencies:
    "@octokit/request-error": ^3.0.0
    "@octokit/webhooks-methods": ^3.0.0
    "@octokit/webhooks-types": 6.10.0
    aggregate-error: ^3.1.0
  checksum: c86d6ae97b59b540701b14e40aca88f47352cf4c03ee0237f714b65ea49b7416d262475d340ed0b4aee851c0a2fdc7d599982d30b4e5a3431986576fbcd4e86d
  languageName: node
  linkType: hard

"@types/aws-lambda@npm:^8.10.83":
  version: 8.10.109
  resolution: "@types/aws-lambda@npm:8.10.109"
  checksum: 879dd30806bbcdcc5495192ed139ab6e7e65d2481c4c80237d8293e3a33e9fcbfb662109246164c493de9fd13b32d1780359a0f191238bd62fd4be14c1efe2fe
  languageName: node
  linkType: hard

"@types/btoa-lite@npm:^1.0.0":
  version: 1.0.0
  resolution: "@types/btoa-lite@npm:1.0.0"
  checksum: 4d0c3c36cc8aa5669d286d62ca45d925e3ea0db75222ebacb0d9f4fd7822b8e162da8773887e045c11d64c42373807d2ab2ad97a5d8a683d2e1c981e6a05ce33
  languageName: node
  linkType: hard

"@types/jsonwebtoken@npm:^9.0.0":
  version: 9.0.1
  resolution: "@types/jsonwebtoken@npm:9.0.1"
  dependencies:
    "@types/node": "*"
  checksum: a7f0925e9a42ad3ae970364c63c5986d40da5c83d51d3f4e624eb0f064a380376f9e3fb3f2f837390a9ab80143f5d75fd51866da30e110f6b486a3379e1c768f
  languageName: node
  linkType: hard

"@types/lru-cache@npm:^5.1.0":
  version: 5.1.1
  resolution: "@types/lru-cache@npm:5.1.1"
  checksum: e1d6c0085f61b16ec5b3073ec76ad1be4844ea036561c3f145fc19f71f084b58a6eb600b14128aa95809d057d28f1d147c910186ae51219f58366ffd2ff2e118
  languageName: node
  linkType: hard

"@types/node@npm:*, @types/node@npm:^18.11.18":
  version: 18.11.18
  resolution: "@types/node@npm:18.11.18"
  checksum: 03f17f9480f8d775c8a72da5ea7e9383db5f6d85aa5fefde90dd953a1449bd5e4ffde376f139da4f3744b4c83942166d2a7603969a6f8ea826edfb16e6e3b49d
  languageName: node
  linkType: hard

"aggregate-error@npm:^3.1.0":
  version: 3.1.0
  resolution: "aggregate-error@npm:3.1.0"
  dependencies:
    clean-stack: ^2.0.0
    indent-string: ^4.0.0
  checksum: 1101a33f21baa27a2fa8e04b698271e64616b886795fd43c31068c07533c7b3facfcaf4e9e0cab3624bd88f729a592f1c901a1a229c9e490eafce411a8644b79
  languageName: node
  linkType: hard

"before-after-hook@npm:^2.2.0":
  version: 2.2.3
  resolution: "before-after-hook@npm:2.2.3"
  checksum: a1a2430976d9bdab4cd89cb50d27fa86b19e2b41812bf1315923b0cba03371ebca99449809226425dd3bcef20e010db61abdaff549278e111d6480034bebae87
  languageName: node
  linkType: hard

"bottleneck@npm:^2.15.3":
  version: 2.19.5
  resolution: "bottleneck@npm:2.19.5"
  checksum: c5eef1bbea12cef1f1405e7306e7d24860568b0f7ac5eeab706a86762b3fc65ef6d1c641c8a166e4db90f412fc5c948fc5ce8008a8cd3d28c7212ef9c3482bda
  languageName: node
  linkType: hard

"btoa-lite@npm:^1.0.0":
  version: 1.0.0
  resolution: "btoa-lite@npm:1.0.0"
  checksum: c2d61993b801f8e35a96f20692a45459c753d9baa29d86d1343e714f8d6bbe7069f1a20a5ae868488f3fb137d5bd0c560f6fbbc90b5a71050919d2d2c97c0475
  languageName: node
  linkType: hard

"buffer-equal-constant-time@npm:1.0.1":
  version: 1.0.1
  resolution: "buffer-equal-constant-time@npm:1.0.1"
  checksum: 80bb945f5d782a56f374b292770901065bad21420e34936ecbe949e57724b4a13874f735850dd1cc61f078773c4fb5493a41391e7bda40d1fa388d6bd80daaab
  languageName: node
  linkType: hard

"clean-stack@npm:^2.0.0":
  version: 2.2.0
  resolution: "clean-stack@npm:2.2.0"
  checksum: 2ac8cd2b2f5ec986a3c743935ec85b07bc174d5421a5efc8017e1f146a1cf5f781ae962618f416352103b32c9cd7e203276e8c28241bbe946160cab16149fb68
  languageName: node
  linkType: hard

"deprecation@npm:^2.0.0, deprecation@npm:^2.3.1":
  version: 2.3.1
  resolution: "deprecation@npm:2.3.1"
  checksum: f56a05e182c2c195071385455956b0c4106fe14e36245b00c689ceef8e8ab639235176a96977ba7c74afb173317fac2e0ec6ec7a1c6d1e6eaa401c586c714132
  languageName: node
  linkType: hard

"ecdsa-sig-formatter@npm:1.0.11":
  version: 1.0.11
  resolution: "ecdsa-sig-formatter@npm:1.0.11"
  dependencies:
    safe-buffer: ^5.0.1
  checksum: 207f9ab1c2669b8e65540bce29506134613dd5f122cccf1e6a560f4d63f2732d427d938f8481df175505aad94583bcb32c688737bb39a6df0625f903d6d93c03
  languageName: node
  linkType: hard

"fromentries@npm:^1.3.1":
  version: 1.3.2
  resolution: "fromentries@npm:1.3.2"
  checksum: 33729c529ce19f5494f846f0dd4945078f4e37f4e8955f4ae8cc7385c218f600e9d93a7d225d17636c20d1889106fd87061f911550861b7072f53bf891e6b341
  languageName: node
  linkType: hard

"gp@workspace:.":
  version: 0.0.0-use.local
  resolution: "gp@workspace:."
  dependencies:
    "@octokit/types": ^9.0.0
    "@types/node": ^18.11.18
    octokit: ^2.0.14
    rimraf: ^4.1.2
    typescript: ^4.9.4
  languageName: unknown
  linkType: soft

"indent-string@npm:^4.0.0":
  version: 4.0.0
  resolution: "indent-string@npm:4.0.0"
  checksum: 824cfb9929d031dabf059bebfe08cf3137365e112019086ed3dcff6a0a7b698cb80cf67ccccde0e25b9e2d7527aa6cc1fed1ac490c752162496caba3e6699612
  languageName: node
  linkType: hard

"is-plain-object@npm:^5.0.0":
  version: 5.0.0
  resolution: "is-plain-object@npm:5.0.0"
  checksum: e32d27061eef62c0847d303125440a38660517e586f2f3db7c9d179ae5b6674ab0f469d519b2e25c147a1a3bc87156d0d5f4d8821e0ce4a9ee7fe1fcf11ce45c
  languageName: node
  linkType: hard

"jsonwebtoken@npm:^9.0.0":
  version: 9.0.0
  resolution: "jsonwebtoken@npm:9.0.0"
  dependencies:
    jws: ^3.2.2
    lodash: ^4.17.21
    ms: ^2.1.1
    semver: ^7.3.8
  checksum: b9181cecf9df99f1dc0253f91ba000a1aa4d91f5816d1608c0dba61a5623726a0bfe200b51df25de18c1a6000825d231ad7ce2788aa54fd48dcb760ad9eb9514
  languageName: node
  linkType: hard

"jwa@npm:^1.4.1":
  version: 1.4.1
  resolution: "jwa@npm:1.4.1"
  dependencies:
    buffer-equal-constant-time: 1.0.1
    ecdsa-sig-formatter: 1.0.11
    safe-buffer: ^5.0.1
  checksum: ff30ea7c2dcc61f3ed2098d868bf89d43701605090c5b21b5544b512843ec6fd9e028381a4dda466cbcdb885c2d1150f7c62e7168394ee07941b4098e1035e2f
  languageName: node
  linkType: hard

"jws@npm:^3.2.2":
  version: 3.2.2
  resolution: "jws@npm:3.2.2"
  dependencies:
    jwa: ^1.4.1
    safe-buffer: ^5.0.1
  checksum: f0213fe5b79344c56cd443428d8f65c16bf842dc8cb8f5aed693e1e91d79c20741663ad6eff07a6d2c433d1831acc9814e8d7bada6a0471fbb91d09ceb2bf5c2
  languageName: node
  linkType: hard

"lodash@npm:^4.17.21":
  version: 4.17.21
  resolution: "lodash@npm:4.17.21"
  checksum: eb835a2e51d381e561e508ce932ea50a8e5a68f4ebdd771ea240d3048244a8d13658acbd502cd4829768c56f2e16bdd4340b9ea141297d472517b83868e677f7
  languageName: node
  linkType: hard

"lru-cache@npm:^6.0.0":
  version: 6.0.0
  resolution: "lru-cache@npm:6.0.0"
  dependencies:
    yallist: ^4.0.0
  checksum: f97f499f898f23e4585742138a22f22526254fdba6d75d41a1c2526b3b6cc5747ef59c5612ba7375f42aca4f8461950e925ba08c991ead0651b4918b7c978297
  languageName: node
  linkType: hard

"ms@npm:^2.1.1":
  version: 2.1.3
  resolution: "ms@npm:2.1.3"
  checksum: aa92de608021b242401676e35cfa5aa42dd70cbdc082b916da7fb925c542173e36bce97ea3e804923fe92c0ad991434e4a38327e15a1b5b5f945d66df615ae6d
  languageName: node
  linkType: hard

"node-fetch@npm:^2.6.7":
  version: 2.6.8
  resolution: "node-fetch@npm:2.6.8"
  dependencies:
    whatwg-url: ^5.0.0
  peerDependencies:
    encoding: ^0.1.0
  peerDependenciesMeta:
    encoding:
      optional: true
  checksum: 91f57be68e29f9b1382750693619e199733a6936998e6d618f1aa779853ad8fc4a2facf170db7957bf1d2510bad33449edf74b5802713d81b63de5986fa3be00
  languageName: node
  linkType: hard

"octokit@npm:^2.0.14":
  version: 2.0.14
  resolution: "octokit@npm:2.0.14"
  dependencies:
    "@octokit/app": ^13.1.1
    "@octokit/core": ^4.0.4
    "@octokit/oauth-app": ^4.0.6
    "@octokit/plugin-paginate-rest": ^6.0.0
    "@octokit/plugin-rest-endpoint-methods": ^7.0.0
    "@octokit/plugin-retry": ^4.0.3
    "@octokit/plugin-throttling": ^5.0.0
    "@octokit/types": ^9.0.0
  checksum: 549ada6e075b810fe0fb0ce0314eccbaeacb2161805b25fb38c5730eff0494773ca7209cf19eae9848161bf73327d0c2f2ff307a7e15607e3a27e39298208e59
  languageName: node
  linkType: hard

"once@npm:^1.4.0":
  version: 1.4.0
  resolution: "once@npm:1.4.0"
  dependencies:
    wrappy: 1
  checksum: cd0a88501333edd640d95f0d2700fbde6bff20b3d4d9bdc521bdd31af0656b5706570d6c6afe532045a20bb8dc0849f8332d6f2a416e0ba6d3d3b98806c7db68
  languageName: node
  linkType: hard

"rimraf@npm:^4.1.2":
  version: 4.1.2
  resolution: "rimraf@npm:4.1.2"
  bin:
    rimraf: dist/cjs/src/bin.js
  checksum: 480b8147fd9bcbef3ac118f88a7b1169c3872977a3411a0c84df838bfc30e175a394c0db6f9619fc8b8a886a18c6d779d5e74f380a0075ecc710afaf81b3f50c
  languageName: node
  linkType: hard

"safe-buffer@npm:^5.0.1":
  version: 5.2.1
  resolution: "safe-buffer@npm:5.2.1"
  checksum: b99c4b41fdd67a6aaf280fcd05e9ffb0813654894223afb78a31f14a19ad220bba8aba1cb14eddce1fcfb037155fe6de4e861784eb434f7d11ed58d1e70dd491
  languageName: node
  linkType: hard

"semver@npm:^7.3.8":
  version: 7.3.8
  resolution: "semver@npm:7.3.8"
  dependencies:
    lru-cache: ^6.0.0
  bin:
    semver: bin/semver.js
  checksum: ba9c7cbbf2b7884696523450a61fee1a09930d888b7a8d7579025ad93d459b2d1949ee5bbfeb188b2be5f4ac163544c5e98491ad6152df34154feebc2cc337c1
  languageName: node
  linkType: hard

"tr46@npm:~0.0.3":
  version: 0.0.3
  resolution: "tr46@npm:0.0.3"
  checksum: 726321c5eaf41b5002e17ffbd1fb7245999a073e8979085dacd47c4b4e8068ff5777142fc6726d6ca1fd2ff16921b48788b87225cbc57c72636f6efa8efbffe3
  languageName: node
  linkType: hard

"typescript@npm:^4.9.4":
  version: 4.9.4
  resolution: "typescript@npm:4.9.4"
  bin:
    tsc: bin/tsc
    tsserver: bin/tsserver
  checksum: e782fb9e0031cb258a80000f6c13530288c6d63f1177ed43f770533fdc15740d271554cdae86701c1dd2c83b082cea808b07e97fd68b38a172a83dbf9e0d0ef9
  languageName: node
  linkType: hard

"typescript@patch:typescript@^4.9.4#~builtin<compat/typescript>":
  version: 4.9.4
  resolution: "typescript@patch:typescript@npm%3A4.9.4#~builtin<compat/typescript>::version=4.9.4&hash=ad5954"
  bin:
    tsc: bin/tsc
    tsserver: bin/tsserver
  checksum: 1caaea6cb7f813e64345190fddc4e6c924d0b698ab81189b503763c4a18f7f5501c69362979d36e19c042d89d936443e768a78b0675690b35eb663d19e0eae71
  languageName: node
  linkType: hard

"universal-github-app-jwt@npm:^1.1.1":
  version: 1.1.1
  resolution: "universal-github-app-jwt@npm:1.1.1"
  dependencies:
    "@types/jsonwebtoken": ^9.0.0
    jsonwebtoken: ^9.0.0
  checksum: 31d30150b9eafa9fa8bf57bd6f97d7d91d4509ad24fa673a6e29ac2295b8f1fc293a70cb44fa807af7cfd787db1cf6edd3876fc0cae31230c5292b76677159fc
  languageName: node
  linkType: hard

"universal-user-agent@npm:^6.0.0":
  version: 6.0.0
  resolution: "universal-user-agent@npm:6.0.0"
  checksum: 5092bbc80dd0d583cef0b62c17df0043193b74f425112ea6c1f69bc5eda21eeec7a08d8c4f793a277eb2202ffe9b44bec852fa3faff971234cd209874d1b79ef
  languageName: node
  linkType: hard

"webidl-conversions@npm:^3.0.0":
  version: 3.0.1
  resolution: "webidl-conversions@npm:3.0.1"
  checksum: c92a0a6ab95314bde9c32e1d0a6dfac83b578f8fa5f21e675bc2706ed6981bc26b7eb7e6a1fab158e5ce4adf9caa4a0aee49a52505d4d13c7be545f15021b17c
  languageName: node
  linkType: hard

"whatwg-url@npm:^5.0.0":
  version: 5.0.0
  resolution: "whatwg-url@npm:5.0.0"
  dependencies:
    tr46: ~0.0.3
    webidl-conversions: ^3.0.0
  checksum: b8daed4ad3356cc4899048a15b2c143a9aed0dfae1f611ebd55073310c7b910f522ad75d727346ad64203d7e6c79ef25eafd465f4d12775ca44b90fa82ed9e2c
  languageName: node
  linkType: hard

"wrappy@npm:1":
  version: 1.0.2
  resolution: "wrappy@npm:1.0.2"
  checksum: 159da4805f7e84a3d003d8841557196034155008f817172d4e986bd591f74aa82aa7db55929a54222309e01079a65a92a9e6414da5a6aa4b01ee44a511ac3ee5
  languageName: node
  linkType: hard

"yallist@npm:^4.0.0":
  version: 4.0.0
  resolution: "yallist@npm:4.0.0"
  checksum: 343617202af32df2a15a3be36a5a8c0c8545208f3d3dfbc6bb7c3e3b7e8c6f8e7485432e4f3b88da3031a6e20afa7c711eded32ddfb122896ac5d914e75848d5
  languageName: node
  linkType: hard
